# This file is automatically @generated by Cargo.
# It is not intended for manual editing.
version = 3

[[package]]
name = "day-four"
version = "0.1.0"
dependencies = [
 "itoa",
 "md5",
]

[[package]]
name = "day-one"
version = "0.1.0"

[[package]]
name = "day-three"
version = "0.1.0"

[[package]]
name = "day-two"
version = "0.1.0"

[[package]]
name = "itoa"
version = "1.0.1"
source = "registry+https://github.com/rust-lang/crates.io-index"
checksum = "1aab8fc367588b89dcee83ab0fd66b72b50b72fa1904d7095045ace2b0c81c35"

[[package]]
name = "md5"
version = "0.7.0"
source = "registry+https://github.com/rust-lang/crates.io-index"
checksum = "490cc448043f947bae3cbee9c203358d62dbee0db12107a74be5c30ccfd09771"
